
Microsoft Visual Studio Solution File, Format Version 12.00
Project("{FAE04EC0-301F-11D3-BF4B-00C04F79EFBC}") = "UniScan.Core", "Core\UniScan.Core\UniScan.Core.csproj", "{D27E5C43-3771-47DA-9BCC-16382B1B643F}"
EndProject
Project("{FAE04EC0-301F-11D3-BF4B-00C04F79EFBC}") = "UniScan.Server.Core", "Server\UniScan.Server.Core\UniScan.Server.Core.csproj", "{1D25E1EF-8AF4-464B-82A1-9895DBDA7A54}"
EndProject
Project("{FAE04EC0-301F-11D3-BF4B-00C04F79EFBC}") = "UniScan.Device", "Core\UniScan.Device\UniScan.Device.csproj", "{476435BF-9AF8-4540-915F-EFAA8FDB3931}"
EndProject
Project("{FAE04EC0-301F-11D3-BF4B-00C04F79EFBC}") = "UniScan.Network", "Network\UniScan.Network\UniScan.Network.csproj", "{E8FECE11-D77D-4D2F-A432-B8EE5D15F11D}"
EndProject
Project("{2150E333-8FDC-42A3-9474-1A3956D46DE8}") = "Modules", "Modules", "{963BE7B4-51C8-4778-854C-AE334972A6E6}"
EndProject
Project("{2150E333-8FDC-42A3-9474-1A3956D46DE8}") = "Client", "Client", "{3ED1AC0E-9ADA-4B21-8659-14F7624A2D10}"
EndProject
Project("{FAE04EC0-301F-11D3-BF4B-00C04F79EFBC}") = "UniScan.Client.App", "Client\UniScan.Client.App\UniScan.Client.App.csproj", "{69AEA835-D462-4900-9697-583DF3963C83}"
EndProject
Project("{FAE04EC0-301F-11D3-BF4B-00C04F79EFBC}") = "UniScan.Client.App.Platform.Android", "Client\UniScan.Client.App.Platform.Android\UniScan.Client.App.Platform.Android.csproj", "{6D1BB75D-9D76-4D8D-85AA-47568B5730FB}"
EndProject
Project("{FAE04EC0-301F-11D3-BF4B-00C04F79EFBC}") = "UniScan.Client.App.Platform.Desktop", "Client\UniScan.Client.App.Platform.Desktop\UniScan.Client.App.Platform.Desktop.csproj", "{FFDCF6CE-FC28-4267-B4F3-F53F7EF565B7}"
EndProject
Project("{2150E333-8FDC-42A3-9474-1A3956D46DE8}") = "Network", "Network", "{40A2E685-35EE-4563-9B34-7F751F59659A}"
EndProject
Project("{FAE04EC0-301F-11D3-BF4B-00C04F79EFBC}") = "UniScan.Network.Server", "Network\UniScan.Network.Server\UniScan.Network.Server.csproj", "{6E861D06-3EFB-487D-A185-F8360E736AF5}"
EndProject
Project("{FAE04EC0-301F-11D3-BF4B-00C04F79EFBC}") = "UniScan.Network.Client", "Network\UniScan.Network.Client\UniScan.Network.Client.csproj", "{B4DD02D6-AF6E-4A61-ACEA-D8CA507DB5A3}"
EndProject
Project("{2150E333-8FDC-42A3-9474-1A3956D46DE8}") = "Server", "Server", "{CA21C3B3-8C90-462A-B601-FB35F24ED2D8}"
EndProject
Project("{2150E333-8FDC-42A3-9474-1A3956D46DE8}") = "Core", "Core", "{4B87F66E-06B9-4283-819C-19C7B8AFCA21}"
EndProject
Project("{FAE04EC0-301F-11D3-BF4B-00C04F79EFBC}") = "UniScan.Server.Host", "Server\UniScan.Server.Host\UniScan.Server.Host.csproj", "{9832595F-605D-4404-9C81-4DC43E115589}"
EndProject
Project("{FAE04EC0-301F-11D3-BF4B-00C04F79EFBC}") = "UniScan.Client.Core", "Client\UniScan.Client.Core\UniScan.Client.Core.csproj", "{7E3DCE4F-4CAB-4EFB-903E-33993E6FE2DA}"
EndProject
Project("{2150E333-8FDC-42A3-9474-1A3956D46DE8}") = "Platform", "Platform", "{5BDC23D5-43E0-4A5D-BB4E-A3CF43D12389}"
EndProject
Project("{2150E333-8FDC-42A3-9474-1A3956D46DE8}") = "Tests", "Tests", "{EDDEB170-47E6-4406-B4CB-6D353DBF3105}"
EndProject
Project("{FAE04EC0-301F-11D3-BF4B-00C04F79EFBC}") = "UniScan.Tests", "Tests\UniScan.Tests\UniScan.Tests.csproj", "{662C6CB0-AA83-40C2-8551-2F2D58689D3D}"
EndProject
Project("{FAE04EC0-301F-11D3-BF4B-00C04F79EFBC}") = "UniScan.Modules.DebugModule", "Modules\UniScan.Modules.DebugModule\UniScan.Modules.DebugModule.csproj", "{A437AC3A-3E9C-4415-9EA4-9102FE2F2B2F}"
EndProject
Project("{FAE04EC0-301F-11D3-BF4B-00C04F79EFBC}") = "UniScan.Platform", "Core\UniScan.Platform\UniScan.Platform.csproj", "{6CFBCD30-49F0-41C9-8F4C-E5DFA85821F0}"
EndProject
Project("{FAE04EC0-301F-11D3-BF4B-00C04F79EFBC}") = "UniScan.Platform.Implementations.Native", "Core\UniScan.Platform.Implementations.Native\UniScan.Platform.Implementations.Native.csproj", "{887FE3AC-F5FA-486C-AB91-D150C4D44ECB}"
EndProject
Project("{FAE04EC0-301F-11D3-BF4B-00C04F79EFBC}") = "UniScan.Platform.DependencyInjection", "Core\UniScan.Platform.DependencyInjection\UniScan.Platform.DependencyInjection.csproj", "{0E944EB4-F96B-4974-9D3B-0A69A04B6EC0}"
EndProject
Project("{2150E333-8FDC-42A3-9474-1A3956D46DE8}") = "Platform", "Platform", "{B3BDC4BB-0FAA-497D-9899-1C9AFD4FB846}"
EndProject
Project("{FAE04EC0-301F-11D3-BF4B-00C04F79EFBC}") = "UniScan.Network.CodeGenerator", "Network\UniScan.Network.CodeGenerator\UniScan.Network.CodeGenerator.csproj", "{2184591C-E8E7-44D4-B62C-32BCC819E566}"
EndProject
Project("{FAE04EC0-301F-11D3-BF4B-00C04F79EFBC}") = "UniScan.Server.Authentication", "Server\UniScan.Server.Authentication\UniScan.Server.Authentication.csproj", "{81377C1D-22C4-4B24-81DD-21A453FBD6F0}"
EndProject
Project("{2150E333-8FDC-42A3-9474-1A3956D46DE8}") = "External", "External", "{1101A2AD-ED7C-47E0-A6F6-1D3C5D8475F6}"
EndProject
Project("{2150E333-8FDC-42A3-9474-1A3956D46DE8}") = "Shiki", "Shiki", "{9FD5F972-08C7-4585-A029-8201B2C344D0}"
EndProject
Project("{FAE04EC0-301F-11D3-BF4B-00C04F79EFBC}") = "Shiki.Common", "External\Shiki\Shiki.Common\Shiki.Common.csproj", "{9AE233B0-85E7-449B-9CAC-5EA584D16B79}"
EndProject
Project("{FAE04EC0-301F-11D3-BF4B-00C04F79EFBC}") = "Shiki.CodeGenerator", "External\Shiki\Shiki.CodeGenerator\Shiki.CodeGenerator.csproj", "{DC73BB1F-4FEA-4E0F-BBBB-858E48B78D02}"
EndProject
Project("{FAE04EC0-301F-11D3-BF4B-00C04F79EFBC}") = "Shiki.CodeGenerator.Core", "External\Shiki\Shiki.CodeGenerator.Core\Shiki.CodeGenerator.Core.csproj", "{34C442C8-C430-4AD3-B493-77FAF1B86143}"
EndProject
Project("{FAE04EC0-301F-11D3-BF4B-00C04F79EFBC}") = "Shiki.ModuleManagement", "External\Shiki\Shiki.ModuleManagement\Shiki.ModuleManagement.csproj", "{1425C085-74ED-43F8-AD35-F00E03AA8BA9}"
EndProject
Project("{FAE04EC0-301F-11D3-BF4B-00C04F79EFBC}") = "Shiki.ModuleManagement.Implementations", "External\Shiki\Shiki.ModuleManagement.Implementations\Shiki.ModuleManagement.Implementations.csproj", "{A3524EB2-F934-480A-806B-283AB8CF5CDB}"
EndProject
Project("{FAE04EC0-301F-11D3-BF4B-00C04F79EFBC}") = "Shiki.Tests", "External\Shiki\Shiki.Tests\Shiki.Tests.csproj", "{A2277F84-222B-42B1-82F8-D9EAF78756B6}"
EndProject
Project("{2150E333-8FDC-42A3-9474-1A3956D46DE8}") = "Extensions", "Extensions", "{1CB42219-C615-4DA3-9D58-E8F029118BB6}"
EndProject
Project("{FAE04EC0-301F-11D3-BF4B-00C04F79EFBC}") = "Shiki.Extensions.MessagePack", "External\Shiki\Extensions\Shiki.Extensions.MessagePack\Shiki.Extensions.MessagePack.csproj", "{90BA2CC2-6F59-4413-A816-D4C736AF4C61}"
EndProject
Global
	GlobalSection(SolutionConfigurationPlatforms) = preSolution
		Debug|Any CPU = Debug|Any CPU
		Release|Any CPU = Release|Any CPU
	EndGlobalSection
	GlobalSection(ProjectConfigurationPlatforms) = postSolution
		{D27E5C43-3771-47DA-9BCC-16382B1B643F}.Debug|Any CPU.ActiveCfg = Debug|Any CPU
		{D27E5C43-3771-47DA-9BCC-16382B1B643F}.Debug|Any CPU.Build.0 = Debug|Any CPU
		{D27E5C43-3771-47DA-9BCC-16382B1B643F}.Release|Any CPU.ActiveCfg = Release|Any CPU
		{D27E5C43-3771-47DA-9BCC-16382B1B643F}.Release|Any CPU.Build.0 = Release|Any CPU
		{1D25E1EF-8AF4-464B-82A1-9895DBDA7A54}.Debug|Any CPU.ActiveCfg = Debug|Any CPU
		{1D25E1EF-8AF4-464B-82A1-9895DBDA7A54}.Debug|Any CPU.Build.0 = Debug|Any CPU
		{1D25E1EF-8AF4-464B-82A1-9895DBDA7A54}.Release|Any CPU.ActiveCfg = Release|Any CPU
		{1D25E1EF-8AF4-464B-82A1-9895DBDA7A54}.Release|Any CPU.Build.0 = Release|Any CPU
		{476435BF-9AF8-4540-915F-EFAA8FDB3931}.Debug|Any CPU.ActiveCfg = Debug|Any CPU
		{476435BF-9AF8-4540-915F-EFAA8FDB3931}.Debug|Any CPU.Build.0 = Debug|Any CPU
		{476435BF-9AF8-4540-915F-EFAA8FDB3931}.Release|Any CPU.ActiveCfg = Release|Any CPU
		{476435BF-9AF8-4540-915F-EFAA8FDB3931}.Release|Any CPU.Build.0 = Release|Any CPU
		{E8FECE11-D77D-4D2F-A432-B8EE5D15F11D}.Debug|Any CPU.ActiveCfg = Debug|Any CPU
		{E8FECE11-D77D-4D2F-A432-B8EE5D15F11D}.Debug|Any CPU.Build.0 = Debug|Any CPU
		{E8FECE11-D77D-4D2F-A432-B8EE5D15F11D}.Release|Any CPU.ActiveCfg = Release|Any CPU
		{E8FECE11-D77D-4D2F-A432-B8EE5D15F11D}.Release|Any CPU.Build.0 = Release|Any CPU
		{69AEA835-D462-4900-9697-583DF3963C83}.Debug|Any CPU.ActiveCfg = Debug|Any CPU
		{69AEA835-D462-4900-9697-583DF3963C83}.Debug|Any CPU.Build.0 = Debug|Any CPU
		{69AEA835-D462-4900-9697-583DF3963C83}.Release|Any CPU.ActiveCfg = Release|Any CPU
		{69AEA835-D462-4900-9697-583DF3963C83}.Release|Any CPU.Build.0 = Release|Any CPU
		{6D1BB75D-9D76-4D8D-85AA-47568B5730FB}.Debug|Any CPU.ActiveCfg = Debug|Any CPU
		{6D1BB75D-9D76-4D8D-85AA-47568B5730FB}.Debug|Any CPU.Build.0 = Debug|Any CPU
		{6D1BB75D-9D76-4D8D-85AA-47568B5730FB}.Release|Any CPU.ActiveCfg = Release|Any CPU
		{6D1BB75D-9D76-4D8D-85AA-47568B5730FB}.Release|Any CPU.Build.0 = Release|Any CPU
		{FFDCF6CE-FC28-4267-B4F3-F53F7EF565B7}.Debug|Any CPU.ActiveCfg = Debug|Any CPU
		{FFDCF6CE-FC28-4267-B4F3-F53F7EF565B7}.Debug|Any CPU.Build.0 = Debug|Any CPU
		{FFDCF6CE-FC28-4267-B4F3-F53F7EF565B7}.Release|Any CPU.ActiveCfg = Release|Any CPU
		{FFDCF6CE-FC28-4267-B4F3-F53F7EF565B7}.Release|Any CPU.Build.0 = Release|Any CPU
		{6E861D06-3EFB-487D-A185-F8360E736AF5}.Debug|Any CPU.ActiveCfg = Debug|Any CPU
		{6E861D06-3EFB-487D-A185-F8360E736AF5}.Debug|Any CPU.Build.0 = Debug|Any CPU
		{6E861D06-3EFB-487D-A185-F8360E736AF5}.Release|Any CPU.ActiveCfg = Release|Any CPU
		{6E861D06-3EFB-487D-A185-F8360E736AF5}.Release|Any CPU.Build.0 = Release|Any CPU
		{B4DD02D6-AF6E-4A61-ACEA-D8CA507DB5A3}.Debug|Any CPU.ActiveCfg = Debug|Any CPU
		{B4DD02D6-AF6E-4A61-ACEA-D8CA507DB5A3}.Debug|Any CPU.Build.0 = Debug|Any CPU
		{B4DD02D6-AF6E-4A61-ACEA-D8CA507DB5A3}.Release|Any CPU.ActiveCfg = Release|Any CPU
		{B4DD02D6-AF6E-4A61-ACEA-D8CA507DB5A3}.Release|Any CPU.Build.0 = Release|Any CPU
		{9832595F-605D-4404-9C81-4DC43E115589}.Debug|Any CPU.ActiveCfg = Debug|Any CPU
		{9832595F-605D-4404-9C81-4DC43E115589}.Debug|Any CPU.Build.0 = Debug|Any CPU
		{9832595F-605D-4404-9C81-4DC43E115589}.Release|Any CPU.ActiveCfg = Release|Any CPU
		{9832595F-605D-4404-9C81-4DC43E115589}.Release|Any CPU.Build.0 = Release|Any CPU
		{7E3DCE4F-4CAB-4EFB-903E-33993E6FE2DA}.Debug|Any CPU.ActiveCfg = Debug|Any CPU
		{7E3DCE4F-4CAB-4EFB-903E-33993E6FE2DA}.Debug|Any CPU.Build.0 = Debug|Any CPU
		{7E3DCE4F-4CAB-4EFB-903E-33993E6FE2DA}.Release|Any CPU.ActiveCfg = Release|Any CPU
		{7E3DCE4F-4CAB-4EFB-903E-33993E6FE2DA}.Release|Any CPU.Build.0 = Release|Any CPU
		{662C6CB0-AA83-40C2-8551-2F2D58689D3D}.Debug|Any CPU.ActiveCfg = Debug|Any CPU
		{662C6CB0-AA83-40C2-8551-2F2D58689D3D}.Debug|Any CPU.Build.0 = Debug|Any CPU
		{662C6CB0-AA83-40C2-8551-2F2D58689D3D}.Release|Any CPU.ActiveCfg = Release|Any CPU
		{662C6CB0-AA83-40C2-8551-2F2D58689D3D}.Release|Any CPU.Build.0 = Release|Any CPU
		{A437AC3A-3E9C-4415-9EA4-9102FE2F2B2F}.Debug|Any CPU.ActiveCfg = Debug|Any CPU
		{A437AC3A-3E9C-4415-9EA4-9102FE2F2B2F}.Debug|Any CPU.Build.0 = Debug|Any CPU
		{A437AC3A-3E9C-4415-9EA4-9102FE2F2B2F}.Release|Any CPU.ActiveCfg = Release|Any CPU
		{A437AC3A-3E9C-4415-9EA4-9102FE2F2B2F}.Release|Any CPU.Build.0 = Release|Any CPU
		{6CFBCD30-49F0-41C9-8F4C-E5DFA85821F0}.Debug|Any CPU.ActiveCfg = Debug|Any CPU
		{6CFBCD30-49F0-41C9-8F4C-E5DFA85821F0}.Debug|Any CPU.Build.0 = Debug|Any CPU
		{6CFBCD30-49F0-41C9-8F4C-E5DFA85821F0}.Release|Any CPU.ActiveCfg = Release|Any CPU
		{6CFBCD30-49F0-41C9-8F4C-E5DFA85821F0}.Release|Any CPU.Build.0 = Release|Any CPU
		{887FE3AC-F5FA-486C-AB91-D150C4D44ECB}.Debug|Any CPU.ActiveCfg = Debug|Any CPU
		{887FE3AC-F5FA-486C-AB91-D150C4D44ECB}.Debug|Any CPU.Build.0 = Debug|Any CPU
		{887FE3AC-F5FA-486C-AB91-D150C4D44ECB}.Release|Any CPU.ActiveCfg = Release|Any CPU
		{887FE3AC-F5FA-486C-AB91-D150C4D44ECB}.Release|Any CPU.Build.0 = Release|Any CPU
		{0E944EB4-F96B-4974-9D3B-0A69A04B6EC0}.Debug|Any CPU.ActiveCfg = Debug|Any CPU
		{0E944EB4-F96B-4974-9D3B-0A69A04B6EC0}.Debug|Any CPU.Build.0 = Debug|Any CPU
		{0E944EB4-F96B-4974-9D3B-0A69A04B6EC0}.Release|Any CPU.ActiveCfg = Release|Any CPU
		{0E944EB4-F96B-4974-9D3B-0A69A04B6EC0}.Release|Any CPU.Build.0 = Release|Any CPU
		{2184591C-E8E7-44D4-B62C-32BCC819E566}.Debug|Any CPU.ActiveCfg = Debug|Any CPU
		{2184591C-E8E7-44D4-B62C-32BCC819E566}.Debug|Any CPU.Build.0 = Debug|Any CPU
		{2184591C-E8E7-44D4-B62C-32BCC819E566}.Release|Any CPU.ActiveCfg = Release|Any CPU
		{2184591C-E8E7-44D4-B62C-32BCC819E566}.Release|Any CPU.Build.0 = Release|Any CPU
		{81377C1D-22C4-4B24-81DD-21A453FBD6F0}.Debug|Any CPU.ActiveCfg = Debug|Any CPU
		{81377C1D-22C4-4B24-81DD-21A453FBD6F0}.Debug|Any CPU.Build.0 = Debug|Any CPU
		{81377C1D-22C4-4B24-81DD-21A453FBD6F0}.Release|Any CPU.ActiveCfg = Release|Any CPU
		{81377C1D-22C4-4B24-81DD-21A453FBD6F0}.Release|Any CPU.Build.0 = Release|Any CPU
		{9AE233B0-85E7-449B-9CAC-5EA584D16B79}.Debug|Any CPU.ActiveCfg = Debug|Any CPU
		{9AE233B0-85E7-449B-9CAC-5EA584D16B79}.Debug|Any CPU.Build.0 = Debug|Any CPU
		{9AE233B0-85E7-449B-9CAC-5EA584D16B79}.Release|Any CPU.ActiveCfg = Release|Any CPU
		{9AE233B0-85E7-449B-9CAC-5EA584D16B79}.Release|Any CPU.Build.0 = Release|Any CPU
		{DC73BB1F-4FEA-4E0F-BBBB-858E48B78D02}.Debug|Any CPU.ActiveCfg = Debug|Any CPU
		{DC73BB1F-4FEA-4E0F-BBBB-858E48B78D02}.Debug|Any CPU.Build.0 = Debug|Any CPU
		{DC73BB1F-4FEA-4E0F-BBBB-858E48B78D02}.Release|Any CPU.ActiveCfg = Release|Any CPU
		{DC73BB1F-4FEA-4E0F-BBBB-858E48B78D02}.Release|Any CPU.Build.0 = Release|Any CPU
		{34C442C8-C430-4AD3-B493-77FAF1B86143}.Debug|Any CPU.ActiveCfg = Debug|Any CPU
		{34C442C8-C430-4AD3-B493-77FAF1B86143}.Debug|Any CPU.Build.0 = Debug|Any CPU
		{34C442C8-C430-4AD3-B493-77FAF1B86143}.Release|Any CPU.ActiveCfg = Release|Any CPU
		{34C442C8-C430-4AD3-B493-77FAF1B86143}.Release|Any CPU.Build.0 = Release|Any CPU
		{1425C085-74ED-43F8-AD35-F00E03AA8BA9}.Debug|Any CPU.ActiveCfg = Debug|Any CPU
		{1425C085-74ED-43F8-AD35-F00E03AA8BA9}.Debug|Any CPU.Build.0 = Debug|Any CPU
		{1425C085-74ED-43F8-AD35-F00E03AA8BA9}.Release|Any CPU.ActiveCfg = Release|Any CPU
		{1425C085-74ED-43F8-AD35-F00E03AA8BA9}.Release|Any CPU.Build.0 = Release|Any CPU
		{A3524EB2-F934-480A-806B-283AB8CF5CDB}.Debug|Any CPU.ActiveCfg = Debug|Any CPU
		{A3524EB2-F934-480A-806B-283AB8CF5CDB}.Debug|Any CPU.Build.0 = Debug|Any CPU
		{A3524EB2-F934-480A-806B-283AB8CF5CDB}.Release|Any CPU.ActiveCfg = Release|Any CPU
		{A3524EB2-F934-480A-806B-283AB8CF5CDB}.Release|Any CPU.Build.0 = Release|Any CPU
		{A2277F84-222B-42B1-82F8-D9EAF78756B6}.Debug|Any CPU.ActiveCfg = Debug|Any CPU
		{A2277F84-222B-42B1-82F8-D9EAF78756B6}.Debug|Any CPU.Build.0 = Debug|Any CPU
		{A2277F84-222B-42B1-82F8-D9EAF78756B6}.Release|Any CPU.ActiveCfg = Release|Any CPU
		{A2277F84-222B-42B1-82F8-D9EAF78756B6}.Release|Any CPU.Build.0 = Release|Any CPU
		{90BA2CC2-6F59-4413-A816-D4C736AF4C61}.Debug|Any CPU.ActiveCfg = Debug|Any CPU
		{90BA2CC2-6F59-4413-A816-D4C736AF4C61}.Debug|Any CPU.Build.0 = Debug|Any CPU
		{90BA2CC2-6F59-4413-A816-D4C736AF4C61}.Release|Any CPU.ActiveCfg = Release|Any CPU
		{90BA2CC2-6F59-4413-A816-D4C736AF4C61}.Release|Any CPU.Build.0 = Release|Any CPU
	EndGlobalSection
	GlobalSection(SolutionProperties) = preSolution
		HideSolutionNode = FALSE
	EndGlobalSection
	GlobalSection(NestedProjects) = preSolution
		{D27E5C43-3771-47DA-9BCC-16382B1B643F} = {4B87F66E-06B9-4283-819C-19C7B8AFCA21}
		{1D25E1EF-8AF4-464B-82A1-9895DBDA7A54} = {CA21C3B3-8C90-462A-B601-FB35F24ED2D8}
		{476435BF-9AF8-4540-915F-EFAA8FDB3931} = {4B87F66E-06B9-4283-819C-19C7B8AFCA21}
		{E8FECE11-D77D-4D2F-A432-B8EE5D15F11D} = {40A2E685-35EE-4563-9B34-7F751F59659A}
		{69AEA835-D462-4900-9697-583DF3963C83} = {3ED1AC0E-9ADA-4B21-8659-14F7624A2D10}
		{6D1BB75D-9D76-4D8D-85AA-47568B5730FB} = {5BDC23D5-43E0-4A5D-BB4E-A3CF43D12389}
		{FFDCF6CE-FC28-4267-B4F3-F53F7EF565B7} = {5BDC23D5-43E0-4A5D-BB4E-A3CF43D12389}
		{6E861D06-3EFB-487D-A185-F8360E736AF5} = {40A2E685-35EE-4563-9B34-7F751F59659A}
		{B4DD02D6-AF6E-4A61-ACEA-D8CA507DB5A3} = {40A2E685-35EE-4563-9B34-7F751F59659A}
		{9832595F-605D-4404-9C81-4DC43E115589} = {CA21C3B3-8C90-462A-B601-FB35F24ED2D8}
		{7E3DCE4F-4CAB-4EFB-903E-33993E6FE2DA} = {3ED1AC0E-9ADA-4B21-8659-14F7624A2D10}
		{5BDC23D5-43E0-4A5D-BB4E-A3CF43D12389} = {3ED1AC0E-9ADA-4B21-8659-14F7624A2D10}
		{662C6CB0-AA83-40C2-8551-2F2D58689D3D} = {EDDEB170-47E6-4406-B4CB-6D353DBF3105}
		{A437AC3A-3E9C-4415-9EA4-9102FE2F2B2F} = {963BE7B4-51C8-4778-854C-AE334972A6E6}
		{6CFBCD30-49F0-41C9-8F4C-E5DFA85821F0} = {B3BDC4BB-0FAA-497D-9899-1C9AFD4FB846}
		{887FE3AC-F5FA-486C-AB91-D150C4D44ECB} = {B3BDC4BB-0FAA-497D-9899-1C9AFD4FB846}
		{0E944EB4-F96B-4974-9D3B-0A69A04B6EC0} = {B3BDC4BB-0FAA-497D-9899-1C9AFD4FB846}
		{B3BDC4BB-0FAA-497D-9899-1C9AFD4FB846} = {4B87F66E-06B9-4283-819C-19C7B8AFCA21}
		{2184591C-E8E7-44D4-B62C-32BCC819E566} = {40A2E685-35EE-4563-9B34-7F751F59659A}
		{81377C1D-22C4-4B24-81DD-21A453FBD6F0} = {CA21C3B3-8C90-462A-B601-FB35F24ED2D8}
		{9FD5F972-08C7-4585-A029-8201B2C344D0} = {1101A2AD-ED7C-47E0-A6F6-1D3C5D8475F6}
		{9AE233B0-85E7-449B-9CAC-5EA584D16B79} = {9FD5F972-08C7-4585-A029-8201B2C344D0}
		{DC73BB1F-4FEA-4E0F-BBBB-858E48B78D02} = {9FD5F972-08C7-4585-A029-8201B2C344D0}
		{34C442C8-C430-4AD3-B493-77FAF1B86143} = {9FD5F972-08C7-4585-A029-8201B2C344D0}
		{1425C085-74ED-43F8-AD35-F00E03AA8BA9} = {9FD5F972-08C7-4585-A029-8201B2C344D0}
		{A3524EB2-F934-480A-806B-283AB8CF5CDB} = {9FD5F972-08C7-4585-A029-8201B2C344D0}
		{A2277F84-222B-42B1-82F8-D9EAF78756B6} = {9FD5F972-08C7-4585-A029-8201B2C344D0}
		{1CB42219-C615-4DA3-9D58-E8F029118BB6} = {9FD5F972-08C7-4585-A029-8201B2C344D0}
		{90BA2CC2-6F59-4413-A816-D4C736AF4C61} = {1CB42219-C615-4DA3-9D58-E8F029118BB6}
	EndGlobalSection
EndGlobal
